
Microsoft Visual Studio Solution File, Format Version 12.00
Project("{FAE04EC0-301F-11D3-BF4B-00C04F79EFBC}") = "Geometry", "Geometry\Geometry.csproj", "{410D5B7E-5B2E-41C9-A453-884BAEE4C884}"
EndProject
Project("{FAE04EC0-301F-11D3-BF4B-00C04F79EFBC}") = "GeometryTest", "GeometryTest\GeometryTest.csproj", "{B76FBE84-D9D5-4D39-8B75-BDDA562D5041}"
EndProject
Global
	GlobalSection(SolutionConfigurationPlatforms) = preSolution
		Debug|Any CPU = Debug|Any CPU
		Release|Any CPU = Release|Any CPU
	EndGlobalSection
	GlobalSection(ProjectConfigurationPlatforms) = postSolution
		{410D5B7E-5B2E-41C9-A453-884BAEE4C884}.Debug|Any CPU.ActiveCfg = Debug|Any CPU
		{410D5B7E-5B2E-41C9-A453-884BAEE4C884}.Debug|Any CPU.Build.0 = Debug|Any CPU
		{410D5B7E-5B2E-41C9-A453-884BAEE4C884}.Release|Any CPU.ActiveCfg = Release|Any CPU
		{410D5B7E-5B2E-41C9-A453-884BAEE4C884}.Release|Any CPU.Build.0 = Release|Any CPU
		{B76FBE84-D9D5-4D39-8B75-BDDA562D5041}.Debug|Any CPU.ActiveCfg = Debug|Any CPU
		{B76FBE84-D9D5-4D39-8B75-BDDA562D5041}.Debug|Any CPU.Build.0 = Debug|Any CPU
		{B76FBE84-D9D5-4D39-8B75-BDDA562D5041}.Release|Any CPU.ActiveCfg = Release|Any CPU
		{B76FBE84-D9D5-4D39-8B75-BDDA562D5041}.Release|Any CPU.Build.0 = Release|Any CPU
	EndGlobalSection
EndGlobal
